# This file is autogenerated, do not edit; changes may be undone by the next 'dep ensure'.


[[projects]]
  digest = "1:07f7314344b2771963ada0b2a4a426c59d782dac227dcfff2499188a186446c0"
  name = "github.com/GeertJohan/go.rice"
  packages = [
    ".",
    "embedded",
  ]
  pruneopts = "UT"
  revision = "cd53cd147dd5288bc2fb990fb983e58e301abb5e"
  version = "v1.0.0"

[[projects]]
  branch = "master"
  digest = "1:41068d8f0a1019048bf8bdea0667ff61a186f9a8725df9d1758506ca8a5c038f"
  name = "github.com/adrg/go-wkhtmltopdf"
  packages = ["."]
  pruneopts = "UT"
  revision = "4368cdeb591cd1cdc7e230536a4b2b18c0fa8023"

[[projects]]
  digest = "1:86b9f9c54fcddec313009ef19073bf0124bbdae3701080c32f67c0c8817b3b7c"
  name = "github.com/daaku/go.zipexe"
  packages = ["."]
  pruneopts = "UT"
  revision = "db7cf2ba330f8c2d28b827826e33d6628ea7e9e0"
  version = "v1.0.0"

[[projects]]
  branch = "master"
  digest = "1:d15c9d588c5a992c499e16ad71a5a95d6d307c65b349a7c0aca1b60591bd6086"
  name = "github.com/gomarkdown/markdown"
  packages = [
    ".",
    "ast",
    "html",
    "parser",
  ]
  pruneopts = "UT"
  revision = "ee6a7931a1e4b802c9ff93e4dabcabacf4cb91db"

[[projects]]
  digest = "1:d1d1683ae67edaebf7e51151f934943bf2f53b71260818d843ab7233aa145533"
  name = "github.com/voxelbrain/goptions"
  packages = ["."]
  pruneopts = "UT"
  revision = "26cb8b04692384f4dc269de3b5fcf3e2ef78573e"
  version = "2.5.11"

[solve-meta]
  analyzer-name = "dep"
  analyzer-version = 1
  input-imports = [
    "github.com/GeertJohan/go.rice",
    "github.com/adrg/go-wkhtmltopdf",
    "github.com/gomarkdown/markdown",
    "github.com/gomarkdown/markdown/parser",
    "github.com/voxelbrain/goptions",
  ]
  solver-name = "gps-cdcl"
  solver-version = 1
